
Microsoft Visual Studio Solution File, Format Version 12.00
# Visual Studio Version 17
VisualStudioVersion = 17.4.33110.190
MinimumVisualStudioVersion = 10.0.40219.1
Project("{FAE04EC0-301F-11D3-BF4B-00C04F79EFBC}") = "OOP-class", "OOP-class\OOP-class.csproj", "{EF735B5E-DD48-47D5-B974-7A136C1AF912}"
EndProject
Global
	GlobalSection(SolutionConfigurationPlatforms) = preSolution
		Debug|Any CPU = Debug|Any CPU
		Release|Any CPU = Release|Any CPU
	EndGlobalSection
	GlobalSection(ProjectConfigurationPlatforms) = postSolution
		{EF735B5E-DD48-47D5-B974-7A136C1AF912}.Debug|Any CPU.ActiveCfg = Debug|Any CPU
		{EF735B5E-DD48-47D5-B974-7A136C1AF912}.Debug|Any CPU.Build.0 = Debug|Any CPU
		{EF735B5E-DD48-47D5-B974-7A136C1AF912}.Release|Any CPU.ActiveCfg = Release|Any CPU
		{EF735B5E-DD48-47D5-B974-7A136C1AF912}.Release|Any CPU.Build.0 = Release|Any CPU
	EndGlobalSection
	GlobalSection(SolutionProperties) = preSolution
		HideSolutionNode = FALSE
	EndGlobalSection
	GlobalSection(ExtensibilityGlobals) = postSolution
		SolutionGuid = {CB853E92-2548-4435-9876-5E340AA77CF5}
	EndGlobalSection
EndGlobal
