
Microsoft Visual Studio Solution File, Format Version 12.00
# Visual Studio Version 17
VisualStudioVersion = 17.4.33110.190
MinimumVisualStudioVersion = 10.0.40219.1
Project("{FAE04EC0-301F-11D3-BF4B-00C04F79EFBC}") = "RockPaperScissors", "RockPaperScissors\RockPaperScissors.csproj", "{A3B27584-A85E-4DB9-B269-712E01BD262B}"
EndProject
Global
	GlobalSection(SolutionConfigurationPlatforms) = preSolution
		Debug|Any CPU = Debug|Any CPU
		Release|Any CPU = Release|Any CPU
	EndGlobalSection
	GlobalSection(ProjectConfigurationPlatforms) = postSolution
		{A3B27584-A85E-4DB9-B269-712E01BD262B}.Debug|Any CPU.ActiveCfg = Debug|Any CPU
		{A3B27584-A85E-4DB9-B269-712E01BD262B}.Debug|Any CPU.Build.0 = Debug|Any CPU
		{A3B27584-A85E-4DB9-B269-712E01BD262B}.Release|Any CPU.ActiveCfg = Release|Any CPU
		{A3B27584-A85E-4DB9-B269-712E01BD262B}.Release|Any CPU.Build.0 = Release|Any CPU
	EndGlobalSection
	GlobalSection(SolutionProperties) = preSolution
		HideSolutionNode = FALSE
	EndGlobalSection
	GlobalSection(ExtensibilityGlobals) = postSolution
		SolutionGuid = {3F5BFA03-6BAE-4689-8E97-DD2CAA2FA5F2}
	EndGlobalSection
EndGlobal
