
Microsoft Visual Studio Solution File, Format Version 12.00
# Visual Studio Version 17
VisualStudioVersion = 17.4.33110.190
MinimumVisualStudioVersion = 10.0.40219.1
Project("{FAE04EC0-301F-11D3-BF4B-00C04F79EFBC}") = "OOP-arv", "OOP-arv\OOP-arv.csproj", "{8926FC35-C08C-4600-832A-29EBE33E6985}"
EndProject
Global
	GlobalSection(SolutionConfigurationPlatforms) = preSolution
		Debug|Any CPU = Debug|Any CPU
		Release|Any CPU = Release|Any CPU
	EndGlobalSection
	GlobalSection(ProjectConfigurationPlatforms) = postSolution
		{8926FC35-C08C-4600-832A-29EBE33E6985}.Debug|Any CPU.ActiveCfg = Debug|Any CPU
		{8926FC35-C08C-4600-832A-29EBE33E6985}.Debug|Any CPU.Build.0 = Debug|Any CPU
		{8926FC35-C08C-4600-832A-29EBE33E6985}.Release|Any CPU.ActiveCfg = Release|Any CPU
		{8926FC35-C08C-4600-832A-29EBE33E6985}.Release|Any CPU.Build.0 = Release|Any CPU
	EndGlobalSection
	GlobalSection(SolutionProperties) = preSolution
		HideSolutionNode = FALSE
	EndGlobalSection
	GlobalSection(ExtensibilityGlobals) = postSolution
		SolutionGuid = {84B6E9D1-0492-4E9A-B364-62E5D6A4014C}
	EndGlobalSection
EndGlobal
